{
  "name": "projet-wve",
  "version": "0.0.8",
  "lockfileVersion": 1,
  "requires": true,
  "dependencies": {
    "imagekit-javascript": {
      "version": "1.0.2",
      "resolved": "https://registry.npmjs.org/imagekit-javascript/-/imagekit-javascript-1.0.2.tgz",
      "integrity": "sha512-1aQ/mblOd+bgEVGU+QC/ecM2E/cnh9lf2KJnnMp1EwHvaJTbyJOY6vsMpPraZ433nQqHmvLc43b3Bb2yRrDW/A==",
      "requires": {
        "lodash": "^4.17.15",
        "url-polyfill": "^1.1.7"
      }
    },
    "lodash": {
      "version": "4.17.15",
      "resolved": "https://registry.npmjs.org/lodash/-/lodash-4.17.15.tgz",
      "integrity": "sha512-8xOcRHvCjnocdS5cpwXQXVzmmh5e5+saE2QGoeQmbKmRS6J3VQppPOIt0MnmE+4xlZoumy0GPG0D0MVIQbNA1A=="
    },
    "url-polyfill": {
      "version": "1.1.7",
      "resolved": "https://registry.npmjs.org/url-polyfill/-/url-polyfill-1.1.7.tgz",
      "integrity": "sha512-ZrAxYWCREjmMtL8gSbSiKKLZZticgihCvVBtrFbUVpyoETt8GQJeG2okMWA8XryDAaHMjJfhnc+rnhXRbI4DXA=="
    }
  }
}
